
Microsoft Visual Studio Solution File, Format Version 12.00
# Visual Studio Version 16
VisualStudioVersion = 16.0.31424.327
MinimumVisualStudioVersion = 10.0.40219.1
Project("{FAE04EC0-301F-11D3-BF4B-00C04F79EFBC}") = "MinesweeperML", "MinesweeperML.csproj", "{90F125A5-B699-4B96-B1C2-4C689EE295B0}"
EndProject
Global
	GlobalSection(SolutionConfigurationPlatforms) = preSolution
		Debug|Any CPU = Debug|Any CPU
		Release|Any CPU = Release|Any CPU
	EndGlobalSection
	GlobalSection(ProjectConfigurationPlatforms) = postSolution
		{90F125A5-B699-4B96-B1C2-4C689EE295B0}.Debug|Any CPU.ActiveCfg = Debug|Any CPU
		{90F125A5-B699-4B96-B1C2-4C689EE295B0}.Debug|Any CPU.Build.0 = Debug|Any CPU
		{90F125A5-B699-4B96-B1C2-4C689EE295B0}.Release|Any CPU.ActiveCfg = Release|Any CPU
		{90F125A5-B699-4B96-B1C2-4C689EE295B0}.Release|Any CPU.Build.0 = Release|Any CPU
	EndGlobalSection
	GlobalSection(SolutionProperties) = preSolution
		HideSolutionNode = FALSE
	EndGlobalSection
	GlobalSection(ExtensibilityGlobals) = postSolution
		SolutionGuid = {337BDCFB-4635-436A-A13E-62FE92A84F34}
	EndGlobalSection
EndGlobal
